
Microsoft Visual Studio Solution File, Format Version 12.00
# Visual Studio Version 17
VisualStudioVersion = 17.5.002.0
MinimumVisualStudioVersion = 10.0.40219.1
Project("{9A19103F-16F7-4668-BE54-9A1E7A4F7556}") = "MobileStore", "MobileStore\MobileStore.csproj", "{B68DAA9E-CFBA-4DB1-B326-FB71CC493201}"
EndProject
Global
	GlobalSection(SolutionConfigurationPlatforms) = preSolution
		Debug|Any CPU = Debug|Any CPU
		Release|Any CPU = Release|Any CPU
	EndGlobalSection
	GlobalSection(ProjectConfigurationPlatforms) = postSolution
		{B68DAA9E-CFBA-4DB1-B326-FB71CC493201}.Debug|Any CPU.ActiveCfg = Debug|Any CPU
		{B68DAA9E-CFBA-4DB1-B326-FB71CC493201}.Debug|Any CPU.Build.0 = Debug|Any CPU
		{B68DAA9E-CFBA-4DB1-B326-FB71CC493201}.Release|Any CPU.ActiveCfg = Release|Any CPU
		{B68DAA9E-CFBA-4DB1-B326-FB71CC493201}.Release|Any CPU.Build.0 = Release|Any CPU
	EndGlobalSection
	GlobalSection(SolutionProperties) = preSolution
		HideSolutionNode = FALSE
	EndGlobalSection
	GlobalSection(ExtensibilityGlobals) = postSolution
		SolutionGuid = {D49D3D84-3BC7-4FA1-BC07-30684FF0ED2A}
	EndGlobalSection
EndGlobal
